lockfileVersion: '9.0'

settings:
  autoInstallPeers: true
  excludeLinksFromLockfile: false

importers:

  .:
    dependencies:
      json-strip-comments:
        specifier: ^3.0.0
        version: 3.0.1

packages:

  json-strip-comments@3.0.1:
    resolution: {integrity: sha512-84ukUomT7MAjCC26bZsn0XRHDgAaODmP94D6FNWh8/yJmogQra9Z4V8xMp/tWW5PiQWnjI6FfMXMO3rkdRkHdQ==}

snapshots:

  json-strip-comments@3.0.1: {}
